
Microsoft Visual Studio Solution File, Format Version 12.00
# Visual Studio Version 16
VisualStudioVersion = 16.0.29709.97
MinimumVisualStudioVersion = 10.0.40219.1
Project("{FAE04EC0-301F-11D3-BF4B-00C04F79EFBC}") = "InventoryApp", "InventoryApp\InventoryApp.csproj", "{8814B2D6-BA32-4319-8E1F-3104F469ED01}"
EndProject
Global
	GlobalSection(SolutionConfigurationPlatforms) = preSolution
		Debug|Any CPU = Debug|Any CPU
		Release|Any CPU = Release|Any CPU
	EndGlobalSection
	GlobalSection(ProjectConfigurationPlatforms) = postSolution
		{8814B2D6-BA32-4319-8E1F-3104F469ED01}.Debug|Any CPU.ActiveCfg = Debug|Any CPU
		{8814B2D6-BA32-4319-8E1F-3104F469ED01}.Debug|Any CPU.Build.0 = Debug|Any CPU
		{8814B2D6-BA32-4319-8E1F-3104F469ED01}.Release|Any CPU.ActiveCfg = Release|Any CPU
		{8814B2D6-BA32-4319-8E1F-3104F469ED01}.Release|Any CPU.Build.0 = Release|Any CPU
	EndGlobalSection
	GlobalSection(SolutionProperties) = preSolution
		HideSolutionNode = FALSE
	EndGlobalSection
	GlobalSection(ExtensibilityGlobals) = postSolution
		SolutionGuid = {B2791C27-2C3D-47F4-B7B4-7948004B430F}
	EndGlobalSection
EndGlobal
